
Microsoft Visual Studio Solution File, Format Version 12.00
# Visual Studio Version 16
VisualStudioVersion = 16.0.30621.155
MinimumVisualStudioVersion = 10.0.40219.1
Project("{FAE04EC0-301F-11D3-BF4B-00C04F79EFBC}") = "practica-tema-5-1-git", "practica-tema-5-1-git\practica-tema-5-1-git.csproj", "{FA44C20C-BAA9-4EAC-81C7-FA6EC6955283}"
EndProject
Global
	GlobalSection(SolutionConfigurationPlatforms) = preSolution
		Debug|Any CPU = Debug|Any CPU
		Release|Any CPU = Release|Any CPU
	EndGlobalSection
	GlobalSection(ProjectConfigurationPlatforms) = postSolution
		{FA44C20C-BAA9-4EAC-81C7-FA6EC6955283}.Debug|Any CPU.ActiveCfg = Debug|Any CPU
		{FA44C20C-BAA9-4EAC-81C7-FA6EC6955283}.Debug|Any CPU.Build.0 = Debug|Any CPU
		{FA44C20C-BAA9-4EAC-81C7-FA6EC6955283}.Release|Any CPU.ActiveCfg = Release|Any CPU
		{FA44C20C-BAA9-4EAC-81C7-FA6EC6955283}.Release|Any CPU.Build.0 = Release|Any CPU
	EndGlobalSection
	GlobalSection(SolutionProperties) = preSolution
		HideSolutionNode = FALSE
	EndGlobalSection
	GlobalSection(ExtensibilityGlobals) = postSolution
		SolutionGuid = {C8C95F05-E204-4C9E-BCB5-66F96B0E6E01}
	EndGlobalSection
EndGlobal
